
Microsoft Visual Studio Solution File, Format Version 12.00
# Visual Studio Version 17
VisualStudioVersion = 17.4.33015.44
MinimumVisualStudioVersion = 10.0.40219.1
Project("{9A19103F-16F7-4668-BE54-9A1E7A4F7556}") = "AlohaKit.UI", "AlohaKit.UI\AlohaKit.UI.csproj", "{0E6FAD63-6F1A-4CA7-A16F-3F0765DC95A6}"
EndProject
Project("{9A19103F-16F7-4668-BE54-9A1E7A4F7556}") = "AlohaKit.UI.Gallery", "AlohaKit.UI.Gallery\AlohaKit.UI.Gallery.csproj", "{09500699-E9A5-40B9-B72E-00E6B2CD4B38}"
EndProject
Project("{FAE04EC0-301F-11D3-BF4B-00C04F79EFBC}") = "AlohaKit.UI.Figma", "AlohaKit.UI.Figma\AlohaKit.UI.Figma.csproj", "{9BC3D8C4-A21E-4F4E-BAC1-DB24CC81CCEF}"
EndProject
Project("{2150E333-8FDC-42A3-9474-1A3956D46DE8}") = "Figma", "Figma", "{530D3C98-F65E-4631-8FF6-0E5120568BB5}"
EndProject
Project("{9A19103F-16F7-4668-BE54-9A1E7A4F7556}") = "FigmaSharp", "FigmaSharp\FigmaSharp.csproj", "{06D8C80F-2794-47A7-BA8A-5BEDDFC9D5AA}"
EndProject
Project("{9A19103F-16F7-4668-BE54-9A1E7A4F7556}") = "FigmaSharp.Views", "FigmaSharp.Views\FigmaSharp.Views.csproj", "{47B4F2A7-6F3F-4AF3-B48D-FF2AF74A4E0B}"
EndProject
Global
	GlobalSection(SolutionConfigurationPlatforms) = preSolution
		Debug|Any CPU = Debug|Any CPU
		Release|Any CPU = Release|Any CPU
	EndGlobalSection
	GlobalSection(ProjectConfigurationPlatforms) = postSolution
		{0E6FAD63-6F1A-4CA7-A16F-3F0765DC95A6}.Debug|Any CPU.ActiveCfg = Debug|Any CPU
		{0E6FAD63-6F1A-4CA7-A16F-3F0765DC95A6}.Debug|Any CPU.Build.0 = Debug|Any CPU
		{0E6FAD63-6F1A-4CA7-A16F-3F0765DC95A6}.Release|Any CPU.ActiveCfg = Release|Any CPU
		{0E6FAD63-6F1A-4CA7-A16F-3F0765DC95A6}.Release|Any CPU.Build.0 = Release|Any CPU
		{09500699-E9A5-40B9-B72E-00E6B2CD4B38}.Debug|Any CPU.ActiveCfg = Debug|Any CPU
		{09500699-E9A5-40B9-B72E-00E6B2CD4B38}.Debug|Any CPU.Build.0 = Debug|Any CPU
		{09500699-E9A5-40B9-B72E-00E6B2CD4B38}.Debug|Any CPU.Deploy.0 = Debug|Any CPU
		{09500699-E9A5-40B9-B72E-00E6B2CD4B38}.Release|Any CPU.ActiveCfg = Release|Any CPU
		{09500699-E9A5-40B9-B72E-00E6B2CD4B38}.Release|Any CPU.Build.0 = Release|Any CPU
		{09500699-E9A5-40B9-B72E-00E6B2CD4B38}.Release|Any CPU.Deploy.0 = Release|Any CPU
		{9BC3D8C4-A21E-4F4E-BAC1-DB24CC81CCEF}.Debug|Any CPU.ActiveCfg = Debug|Any CPU
		{9BC3D8C4-A21E-4F4E-BAC1-DB24CC81CCEF}.Debug|Any CPU.Build.0 = Debug|Any CPU
		{9BC3D8C4-A21E-4F4E-BAC1-DB24CC81CCEF}.Debug|Any CPU.Deploy.0 = Debug|Any CPU
		{9BC3D8C4-A21E-4F4E-BAC1-DB24CC81CCEF}.Release|Any CPU.ActiveCfg = Release|Any CPU
		{9BC3D8C4-A21E-4F4E-BAC1-DB24CC81CCEF}.Release|Any CPU.Build.0 = Release|Any CPU
		{9BC3D8C4-A21E-4F4E-BAC1-DB24CC81CCEF}.Release|Any CPU.Deploy.0 = Release|Any CPU
		{06D8C80F-2794-47A7-BA8A-5BEDDFC9D5AA}.Debug|Any CPU.ActiveCfg = Debug|Any CPU
		{06D8C80F-2794-47A7-BA8A-5BEDDFC9D5AA}.Debug|Any CPU.Build.0 = Debug|Any CPU
		{06D8C80F-2794-47A7-BA8A-5BEDDFC9D5AA}.Release|Any CPU.ActiveCfg = Release|Any CPU
		{06D8C80F-2794-47A7-BA8A-5BEDDFC9D5AA}.Release|Any CPU.Build.0 = Release|Any CPU
		{47B4F2A7-6F3F-4AF3-B48D-FF2AF74A4E0B}.Debug|Any CPU.ActiveCfg = Debug|Any CPU
		{47B4F2A7-6F3F-4AF3-B48D-FF2AF74A4E0B}.Debug|Any CPU.Build.0 = Debug|Any CPU
		{47B4F2A7-6F3F-4AF3-B48D-FF2AF74A4E0B}.Release|Any CPU.ActiveCfg = Release|Any CPU
		{47B4F2A7-6F3F-4AF3-B48D-FF2AF74A4E0B}.Release|Any CPU.Build.0 = Release|Any CPU
	EndGlobalSection
	GlobalSection(SolutionProperties) = preSolution
		HideSolutionNode = FALSE
	EndGlobalSection
	GlobalSection(NestedProjects) = preSolution
		{9BC3D8C4-A21E-4F4E-BAC1-DB24CC81CCEF} = {530D3C98-F65E-4631-8FF6-0E5120568BB5}
		{06D8C80F-2794-47A7-BA8A-5BEDDFC9D5AA} = {530D3C98-F65E-4631-8FF6-0E5120568BB5}
		{47B4F2A7-6F3F-4AF3-B48D-FF2AF74A4E0B} = {530D3C98-F65E-4631-8FF6-0E5120568BB5}
	EndGlobalSection
	GlobalSection(ExtensibilityGlobals) = postSolution
		SolutionGuid = {4704EC8E-DEA6-47CF-95CE-896B3E8949D1}
	EndGlobalSection
EndGlobal
