
Microsoft Visual Studio Solution File, Format Version 12.00
# Visual Studio Version 17
VisualStudioVersion = 17.2.32311.82
MinimumVisualStudioVersion = 10.0.40219.1
Project("{FAE04EC0-301F-11D3-BF4B-00C04F79EFBC}") = "AlohaKit", "AlohaKit\AlohaKit.csproj", "{46A5E61A-D0CA-4110-878D-67101D0EC8A6}"
EndProject
Project("{FAE04EC0-301F-11D3-BF4B-00C04F79EFBC}") = "AlohaKit.Gallery", "AlohaKit.Gallery\AlohaKit.Gallery.csproj", "{E63FF45D-EC19-46FB-9940-92FA0EAF1010}"
EndProject
Global
	GlobalSection(SolutionConfigurationPlatforms) = preSolution
		Debug|Any CPU = Debug|Any CPU
		Release|Any CPU = Release|Any CPU
	EndGlobalSection
	GlobalSection(ProjectConfigurationPlatforms) = postSolution
		{46A5E61A-D0CA-4110-878D-67101D0EC8A6}.Debug|Any CPU.ActiveCfg = Debug|Any CPU
		{46A5E61A-D0CA-4110-878D-67101D0EC8A6}.Debug|Any CPU.Build.0 = Debug|Any CPU
		{46A5E61A-D0CA-4110-878D-67101D0EC8A6}.Release|Any CPU.ActiveCfg = Release|Any CPU
		{46A5E61A-D0CA-4110-878D-67101D0EC8A6}.Release|Any CPU.Build.0 = Release|Any CPU
		{E63FF45D-EC19-46FB-9940-92FA0EAF1010}.Debug|Any CPU.ActiveCfg = Debug|Any CPU
		{E63FF45D-EC19-46FB-9940-92FA0EAF1010}.Debug|Any CPU.Build.0 = Debug|Any CPU
		{E63FF45D-EC19-46FB-9940-92FA0EAF1010}.Release|Any CPU.ActiveCfg = Release|Any CPU
		{E63FF45D-EC19-46FB-9940-92FA0EAF1010}.Release|Any CPU.Build.0 = Release|Any CPU
	EndGlobalSection
	GlobalSection(SolutionProperties) = preSolution
		HideSolutionNode = FALSE
	EndGlobalSection
	GlobalSection(ExtensibilityGlobals) = postSolution
		SolutionGuid = {38994DF0-E4A7-43CC-BF0F-01BD69CA7960}
	EndGlobalSection
EndGlobal
